// !$*UTF8*$!
{
	archiveVersion = 1;
	classes = {
	};
	objectVersion = 56;
	objects = {

/* Begin PBXBuildFile section */
		02EB74E32A9D8BF400F43BD0 /* AppDelegate.swift in Sources */ = {isa = PBXBuildFile; fileRef = 02EB74E22A9D8BF400F43BD0 /* AppDelegate.swift */; };
		02EB74E52A9D8BF400F43BD0 /* SceneDelegate.swift in Sources */ = {isa = PBXBuildFile; fileRef = 02EB74E42A9D8BF400F43BD0 /* SceneDelegate.swift */; };
		02EB74E72A9D8BF400F43BD0 /* ViewController.swift in Sources */ = {isa = PBXBuildFile; fileRef = 02EB74E62A9D8BF400F43BD0 /* ViewController.swift */; };
		02EB74EA2A9D8BF400F43BD0 /* Main.storyboard in Resources */ = {isa = PBXBuildFile; fileRef = 02EB74E82A9D8BF400F43BD0 /* Main.storyboard */; };
		02EB74EC2A9D8BF600F43BD0 /* Assets.xcassets in Resources */ = {isa = PBXBuildFile; fileRef = 02EB74EB2A9D8BF600F43BD0 /* Assets.xcassets */; };
		02EB74EF2A9D8BF600F43BD0 /* LaunchScreen.storyboard in Resources */ = {isa = PBXBuildFile; fileRef = 02EB74ED2A9D8BF600F43BD0 /* LaunchScreen.storyboard */; };
		02EB74FA2A9D8BF600F43BD0 /* Day_2___Project_1Tests.swift in Sources */ = {isa = PBXBuildFile; fileRef = 02EB74F92A9D8BF600F43BD0 /* Day_2___Project_1Tests.swift */; };
		02EB75042A9D8BF600F43BD0 /* Day_2___Project_1UITests.swift in Sources */ = {isa = PBXBuildFile; fileRef = 02EB75032A9D8BF600F43BD0 /* Day_2___Project_1UITests.swift */; };
		02EB75062A9D8BF600F43BD0 /* Day_2___Project_1UITestsLaunchTests.swift in Sources */ = {isa = PBXBuildFile; fileRef = 02EB75052A9D8BF600F43BD0 /* Day_2___Project_1UITestsLaunchTests.swift */; };
/* End PBXBuildFile section */

/* Begin PBXContainerItemProxy section */
		02EB74F62A9D8BF600F43BD0 /* PBXContainerItemProxy */ = {
			isa = PBXContainerItemProxy;
			containerPortal = 02EB74D72A9D8BF400F43BD0 /* Project object */;
			proxyType = 1;
			remoteGlobalIDString = 02EB74DE2A9D8BF400F43BD0;
			remoteInfo = "Day 2 - Project 1";
		};
		02EB75002A9D8BF600F43BD0 /* PBXContainerItemProxy */ = {
			isa = PBXContainerItemProxy;
			containerPortal = 02EB74D72A9D8BF400F43BD0 /* Project object */;
			proxyType = 1;
			remoteGlobalIDString = 02EB74DE2A9D8BF400F43BD0;
			remoteInfo = "Day 2 - Project 1";
		};
/* End PBXContainerItemProxy section */

/* Begin PBXFileReference section */
		02EB74DF2A9D8BF400F43BD0 /* Day 2 - Project 1.app */ = {isa = PBXFileReference; explicitFileType = wrapper.application; includeInIndex = 0; path = "Day 2 - Project 1.app"; sourceTree = BUILT_PRODUCTS_DIR; };
		02EB74E22A9D8BF400F43BD0 /* AppDelegate.swift */ = {isa = PBXFileReference; lastKnownFileType = sourcecode.swift; path = AppDelegate.swift; sourceTree = "<group>"; };
		02EB74E42A9D8BF400F43BD0 /* SceneDelegate.swift */ = {isa = PBXFileReference; lastKnownFileType = sourcecode.swift; path = SceneDelegate.swift; sourceTree = "<group>"; };
		02EB74E62A9D8BF400F43BD0 /* ViewController.swift */ = {isa = PBXFileReference; lastKnownFileType = sourcecode.swift; path = ViewController.swift; sourceTree = "<group>"; };
		02EB74E92A9D8BF400F43BD0 /* Base */ = {isa = PBXFileReference; lastKnownFileType = file.storyboard; name = Base; path = Base.lproj/Main.storyboard; sourceTree = "<group>"; };
		02EB74EB2A9D8BF600F43BD0 /* Assets.xcassets */ = {isa = PBXFileReference; lastKnownFileType = folder.assetcatalog; path = Assets.xcassets; sourceTree = "<group>"; };
		02EB74EE2A9D8BF600F43BD0 /* Base */ = {isa = PBXFileReference; lastKnownFileType = file.storyboard; name = Base; path = Base.lproj/LaunchScreen.storyboard; sourceTree = "<group>"; };
		02EB74F02A9D8BF600F43BD0 /* Info.plist */ = {isa = PBXFileReference; lastKnownFileType = text.plist.xml; path = Info.plist; sourceTree = "<group>"; };
		02EB74F52A9D8BF600F43BD0 /* Day 2 - Project 1Tests.xctest */ = {isa = PBXFileReference; explicitFileType = wrapper.cfbundle; includeInIndex = 0; path = "Day 2 - Project 1Tests.xctest"; sourceTree = BUILT_PRODUCTS_DIR; };
		02EB74F92A9D8BF600F43BD0 /* Day_2___Project_1Tests.swift */ = {isa = PBXFileReference; lastKnownFileType = sourcecode.swift; path = "Day_2___Project_1Tests.swift"; sourceTree = "<group>"; };
		02EB74FF2A9D8BF600F43BD0 /* Day 2 - Project 1UITests.xctest */ = {isa = PBXFileReference; explicitFileType = wrapper.cfbundle; includeInIndex = 0; path = "Day 2 - Project 1UITests.xctest"; sourceTree = BUILT_PRODUCTS_DIR; };
		02EB75032A9D8BF600F43BD0 /* Day_2___Project_1UITests.swift */ = {isa = PBXFileReference; lastKnownFileType = sourcecode.swift; path = "Day_2___Project_1UITests.swift"; sourceTree = "<group>"; };
		02EB75052A9D8BF600F43BD0 /* Day_2___Project_1UITestsLaunchTests.swift */ = {isa = PBXFileReference; lastKnownFileType = sourcecode.swift; path = "Day_2___Project_1UITestsLaunchTests.swift"; sourceTree = "<group>"; };
/* End PBXFileReference section */

/* Begin PBXFrameworksBuildPhase section */
		02EB74DC2A9D8BF400F43BD0 /* Frameworks */ = {
			isa = PBXFrameworksBuildPhase;
			buildActionMask = 2147483647;
			files = (
			);
			runOnlyForDeploymentPostprocessing = 0;
		};
		02EB74F22A9D8BF600F43BD0 /* Frameworks */ = {
			isa = PBXFrameworksBuildPhase;
			buildActionMask = 2147483647;
			files = (
			);
			runOnlyForDeploymentPostprocessing = 0;
		};
		02EB74FC2A9D8BF600F43BD0 /* Frameworks */ = {
			isa = PBXFrameworksBuildPhase;
			buildActionMask = 2147483647;
			files = (
			);
			runOnlyForDeploymentPostprocessing = 0;
		};
/* End PBXFrameworksBuildPhase section */

/* Begin PBXGroup section */
		02EB74D62A9D8BF400F43BD0 = {
			isa = PBXGroup;
			children = (
				02EB74E12A9D8BF400F43BD0 /* Day 2 - Project 1 */,
				02EB74F82A9D8BF600F43BD0 /* Day 2 - Project 1Tests */,
				02EB75022A9D8BF600F43BD0 /* Day 2 - Project 1UITests */,
				02EB74E02A9D8BF400F43BD0 /* Products */,
			);
			sourceTree = "<group>";
		};
		02EB74E02A9D8BF400F43BD0 /* Products */ = {
			isa = PBXGroup;
			children = (
				02EB74DF2A9D8BF400F43BD0 /* Day 2 - Project 1.app */,
				02EB74F52A9D8BF600F43BD0 /* Day 2 - Project 1Tests.xctest */,
				02EB74FF2A9D8BF600F43BD0 /* Day 2 - Project 1UITests.xctest */,
			);
			name = Products;
			sourceTree = "<group>";
		};
		02EB74E12A9D8BF400F43BD0 /* Day 2 - Project 1 */ = {
			isa = PBXGroup;
			children = (
				02EB74E22A9D8BF400F43BD0 /* AppDelegate.swift */,
				02EB74E42A9D8BF400F43BD0 /* SceneDelegate.swift */,
				02EB74E62A9D8BF400F43BD0 /* ViewController.swift */,
				02EB74E82A9D8BF400F43BD0 /* Main.storyboard */,
				02EB74EB2A9D8BF600F43BD0 /* Assets.xcassets */,
				02EB74ED2A9D8BF600F43BD0 /* LaunchScreen.storyboard */,
				02EB74F02A9D8BF600F43BD0 /* Info.plist */,
			);
			path = "Day 2 - Project 1";
			sourceTree = "<group>";
		};
		02EB74F82A9D8BF600F43BD0 /* Day 2 - Project 1Tests */ = {
			isa = PBXGroup;
			children = (
				02EB74F92A9D8BF600F43BD0 /* Day_2___Project_1Tests.swift */,
			);
			path = "Day 2 - Project 1Tests";
			sourceTree = "<group>";
		};
		02EB75022A9D8BF600F43BD0 /* Day 2 - Project 1UITests */ = {
			isa = PBXGroup;
			children = (
				02EB75032A9D8BF600F43BD0 /* Day_2___Project_1UITests.swift */,
				02EB75052A9D8BF600F43BD0 /* Day_2___Project_1UITestsLaunchTests.swift */,
			);
			path = "Day 2 - Project 1UITests";
			sourceTree = "<group>";
		};
/* End PBXGroup section */

/* Begin PBXNativeTarget section */
		02EB74DE2A9D8BF400F43BD0 /* Day 2 - Project 1 */ = {
			isa = PBXNativeTarget;
			buildConfigurationList = 02EB75092A9D8BF600F43BD0 /* Build configuration list for PBXNativeTarget "Day 2 - Project 1" */;
			buildPhases = (
				02EB74DB2A9D8BF400F43BD0 /* Sources */,
				02EB74DC2A9D8BF400F43BD0 /* Frameworks */,
				02EB74DD2A9D8BF400F43BD0 /* Resources */,
			);
			buildRules = (
			);
			dependencies = (
			);
			name = "Day 2 - Project 1";
			productName = "Day 2 - Project 1";
			productReference = 02EB74DF2A9D8BF400F43BD0 /* Day 2 - Project 1.app */;
			productType = "com.apple.product-type.application";
		};
		02EB74F42A9D8BF600F43BD0 /* Day 2 - Project 1Tests */ = {
			isa = PBXNativeTarget;
			buildConfigurationList = 02EB750C2A9D8BF600F43BD0 /* Build configuration list for PBXNativeTarget "Day 2 - Project 1Tests" */;
			buildPhases = (
				02EB74F12A9D8BF600F43BD0 /* Sources */,
				02EB74F22A9D8BF600F43BD0 /* Frameworks */,
				02EB74F32A9D8BF600F43BD0 /* Resources */,
			);
			buildRules = (
			);
			dependencies = (
				02EB74F72A9D8BF600F43BD0 /* PBXTargetDependency */,
			);
			name = "Day 2 - Project 1Tests";
			productName = "Day 2 - Project 1Tests";
			productReference = 02EB74F52A9D8BF600F43BD0 /* Day 2 - Project 1Tests.xctest */;
			productType = "com.apple.product-type.bundle.unit-test";
		};
		02EB74FE2A9D8BF600F43BD0 /* Day 2 - Project 1UITests */ = {
			isa = PBXNativeTarget;
			buildConfigurationList = 02EB750F2A9D8BF600F43BD0 /* Build configuration list for PBXNativeTarget "Day 2 - Project 1UITests" */;
			buildPhases = (
				02EB74FB2A9D8BF600F43BD0 /* Sources */,
				02EB74FC2A9D8BF600F43BD0 /* Frameworks */,
				02EB74FD2A9D8BF600F43BD0 /* Resources */,
			);
			buildRules = (
			);
			dependencies = (
				02EB75012A9D8BF600F43BD0 /* PBXTargetDependency */,
			);
			name = "Day 2 - Project 1UITests";
			productName = "Day 2 - Project 1UITests";
			productReference = 02EB74FF2A9D8BF600F43BD0 /* Day 2 - Project 1UITests.xctest */;
			productType = "com.apple.product-type.bundle.ui-testing";
		};
/* End PBXNativeTarget section */

/* Begin PBXProject section */
		02EB74D72A9D8BF400F43BD0 /* Project object */ = {
			isa = PBXProject;
			attributes = {
				BuildIndependentTargetsInParallel = 1;
				LastSwiftUpdateCheck = 1500;
				LastUpgradeCheck = 1500;
				TargetAttributes = {
					02EB74DE2A9D8BF400F43BD0 = {
						CreatedOnToolsVersion = 15.0;
					};
					02EB74F42A9D8BF600F43BD0 = {
						CreatedOnToolsVersion = 15.0;
						TestTargetID = 02EB74DE2A9D8BF400F43BD0;
					};
					02EB74FE2A9D8BF600F43BD0 = {
						CreatedOnToolsVersion = 15.0;
						TestTargetID = 02EB74DE2A9D8BF400F43BD0;
					};
				};
			};
			buildConfigurationList = 02EB74DA2A9D8BF400F43BD0 /* Build configuration list for PBXProject "Day 2 - Project 1" */;
			compatibilityVersion = "Xcode 14.0";
			developmentRegion = en;
			hasScannedForEncodings = 0;
			knownRegions = (
				en,
				Base,
			);
			mainGroup = 02EB74D62A9D8BF400F43BD0;
			productRefGroup = 02EB74E02A9D8BF400F43BD0 /* Products */;
			projectDirPath = "";
			projectRoot = "";
			targets = (
				02EB74DE2A9D8BF400F43BD0 /* Day 2 - Project 1 */,
				02EB74F42A9D8BF600F43BD0 /* Day 2 - Project 1Tests */,
				02EB74FE2A9D8BF600F43BD0 /* Day 2 - Project 1UITests */,
			);
		};
/* End PBXProject section */

/* Begin PBXResourcesBuildPhase section */
		02EB74DD2A9D8BF400F43BD0 /* Resources */ = {
			isa = PBXResourcesBuildPhase;
			buildActionMask = 2147483647;
			files = (
				02EB74EF2A9D8BF600F43BD0 /* LaunchScreen.storyboard in Resources */,
				02EB74EC2A9D8BF600F43BD0 /* Assets.xcassets in Resources */,
				02EB74EA2A9D8BF400F43BD0 /* Main.storyboard in Resources */,
			);
			runOnlyForDeploymentPostprocessing = 0;
		};
		02EB74F32A9D8BF600F43BD0 /* Resources */ = {
			isa = PBXResourcesBuildPhase;
			buildActionMask = 2147483647;
			files = (
			);
			runOnlyForDeploymentPostprocessing = 0;
		};
		02EB74FD2A9D8BF600F43BD0 /* Resources */ = {
			isa = PBXResourcesBuildPhase;
			buildActionMask = 2147483647;
			files = (
			);
			runOnlyForDeploymentPostprocessing = 0;
		};
/* End PBXResourcesBuildPhase section */

/* Begin PBXSourcesBuildPhase section */
		02EB74DB2A9D8BF400F43BD0 /* Sources */ = {
			isa = PBXSourcesBuildPhase;
			buildActionMask = 2147483647;
			files = (
				02EB74E72A9D8BF400F43BD0 /* ViewController.swift in Sources */,
				02EB74E32A9D8BF400F43BD0 /* AppDelegate.swift in Sources */,
				02EB74E52A9D8BF400F43BD0 /* SceneDelegate.swift in Sources */,
			);
			runOnlyForDeploymentPostprocessing = 0;
		};
		02EB74F12A9D8BF600F43BD0 /* Sources */ = {
			isa = PBXSourcesBuildPhase;
			buildActionMask = 2147483647;
			files = (
				02EB74FA2A9D8BF600F43BD0 /* Day_2___Project_1Tests.swift in Sources */,
			);
			runOnlyForDeploymentPostprocessing = 0;
		};
		02EB74FB2A9D8BF600F43BD0 /* Sources */ = {
			isa = PBXSourcesBuildPhase;
			buildActionMask = 2147483647;
			files = (
				02EB75062A9D8BF600F43BD0 /* Day_2___Project_1UITestsLaunchTests.swift in Sources */,
				02EB75042A9D8BF600F43BD0 /* Day_2___Project_1UITests.swift in Sources */,
			);
			runOnlyForDeploymentPostprocessing = 0;
		};
/* End PBXSourcesBuildPhase section */

/* Begin PBXTargetDependency section */
		02EB74F72A9D8BF600F43BD0 /* PBXTargetDependency */ = {
			isa = PBXTargetDependency;
			target = 02EB74DE2A9D8BF400F43BD0 /* Day 2 - Project 1 */;
			targetProxy = 02EB74F62A9D8BF600F43BD0 /* PBXContainerItemProxy */;
		};
		02EB75012A9D8BF600F43BD0 /* PBXTargetDependency */ = {
			isa = PBXTargetDependency;
			target = 02EB74DE2A9D8BF400F43BD0 /* Day 2 - Project 1 */;
			targetProxy = 02EB75002A9D8BF600F43BD0 /* PBXContainerItemProxy */;
		};
/* End PBXTargetDependency section */

/* Begin PBXVariantGroup section */
		02EB74E82A9D8BF400F43BD0 /* Main.storyboard */ = {
			isa = PBXVariantGroup;
			children = (
				02EB74E92A9D8BF400F43BD0 /* Base */,
			);
			name = Main.storyboard;
			sourceTree = "<group>";
		};
		02EB74ED2A9D8BF600F43BD0 /* LaunchScreen.storyboard */ = {
			isa = PBXVariantGroup;
			children = (
				02EB74EE2A9D8BF600F43BD0 /* Base */,
			);
			name = LaunchScreen.storyboard;
			sourceTree = "<group>";
		};
/* End PBXVariantGroup section */

/* Begin XCBuildConfiguration section */
		02EB75072A9D8BF600F43BD0 /* Debug */ = {
			isa = XCBuildConfiguration;
			buildSettings = {
				ALWAYS_SEARCH_USER_PATHS = NO;
				ASSETCATALOG_COMPILER_GENERATE_SWIFT_ASSET_SYMBOL_EXTENSIONS = YES;
				CLANG_ANALYZER_NONNULL = YES;
				CLANG_ANALYZER_NUMBER_OBJECT_CONVERSION = YES_AGGRESSIVE;
				CLANG_CXX_LANGUAGE_STANDARD = "gnu++20";
				CLANG_ENABLE_MODULES = YES;
				CLANG_ENABLE_OBJC_ARC = YES;
				CLANG_ENABLE_OBJC_WEAK = YES;
				CLANG_WARN_BLOCK_CAPTURE_AUTORELEASING = YES;
				CLANG_WARN_BOOL_CONVERSION = YES;
				CLANG_WARN_COMMA = YES;
				CLANG_WARN_CONSTANT_CONVERSION = YES;
				CLANG_WARN_DEPRECATED_OBJC_IMPLEMENTATIONS = YES;
				CLANG_WARN_DIRECT_OBJC_ISA_USAGE = YES_ERROR;
				CLANG_WARN_DOCUMENTATION_COMMENTS = YES;
				CLANG_WARN_EMPTY_BODY = YES;
				CLANG_WARN_ENUM_CONVERSION = YES;
				CLANG_WARN_INFINITE_RECURSION = YES;
				CLANG_WARN_INT_CONVERSION = YES;
				CLANG_WARN_NON_LITERAL_NULL_CONVERSION = YES;
				CLANG_WARN_OBJC_IMPLICIT_RETAIN_SELF = YES;
				CLANG_WARN_OBJC_LITERAL_CONVERSION = YES;
				CLANG_WARN_OBJC_ROOT_CLASS = YES_ERROR;
				CLANG_WARN_QUOTED_INCLUDE_IN_FRAMEWORK_HEADER = YES;
				CLANG_WARN_RANGE_LOOP_ANALYSIS = YES;
				CLANG_WARN_STRICT_PROTOTYPES = YES;
				CLANG_WARN_SUSPICIOUS_MOVE = YES;
				CLANG_WARN_UNGUARDED_AVAILABILITY = YES_AGGRESSIVE;
				CLANG_WARN_UNREACHABLE_CODE = YES;
				CLANG_WARN__DUPLICATE_METHOD_MATCH = YES;
				COPY_PHASE_STRIP = NO;
				DEBUG_INFORMATION_FORMAT = dwarf;
				ENABLE_STRICT_OBJC_MSGSEND = YES;
				ENABLE_TESTABILITY = YES;
				ENABLE_USER_SCRIPT_SANDBOXING = YES;
				GCC_C_LANGUAGE_STANDARD = gnu17;
				GCC_DYNAMIC_NO_PIC = NO;
				GCC_NO_COMMON_BLOCKS = YES;
				GCC_OPTIMIZATION_LEVEL = 0;
				GCC_PREPROCESSOR_DEFINITIONS = (
					"DEBUG=1",
					"$(inherited)",
				);
				GCC_WARN_64_TO_32_BIT_CONVERSION = YES;
				GCC_WARN_ABOUT_RETURN_TYPE = YES_ERROR;
				GCC_WARN_UNDECLARED_SELECTOR = YES;
				GCC_WARN_UNINITIALIZED_AUTOS = YES_AGGRESSIVE;
				GCC_WARN_UNUSED_FUNCTION = YES;
				GCC_WARN_UNUSED_VARIABLE = YES;
				IPHONEOS_DEPLOYMENT_TARGET = 17.0;
				LOCALIZATION_PREFERS_STRING_CATALOGS = YES;
				MTL_ENABLE_DEBUG_INFO = INCLUDE_SOURCE;
				MTL_FAST_MATH = YES;
				ONLY_ACTIVE_ARCH = YES;
				SDKROOT = iphoneos;
				SWIFT_ACTIVE_COMPILATION_CONDITIONS = "DEBUG $(inherited)";
				SWIFT_OPTIMIZATION_LEVEL = "-Onone";
			};
			name = Debug;
		};
		02EB75082A9D8BF600F43BD0 /* Release */ = {
			isa = XCBuildConfiguration;
			buildSettings = {
				ALWAYS_SEARCH_USER_PATHS = NO;
				ASSETCATALOG_COMPILER_GENERATE_SWIFT_ASSET_SYMBOL_EXTENSIONS = YES;
				CLANG_ANALYZER_NONNULL = YES;
				CLANG_ANALYZER_NUMBER_OBJECT_CONVERSION = YES_AGGRESSIVE;
				CLANG_CXX_LANGUAGE_STANDARD = "gnu++20";
				CLANG_ENABLE_MODULES = YES;
				CLANG_ENABLE_OBJC_ARC = YES;
				CLANG_ENABLE_OBJC_WEAK = YES;
				CLANG_WARN_BLOCK_CAPTURE_AUTORELEASING = YES;
				CLANG_WARN_BOOL_CONVERSION = YES;
				CLANG_WARN_COMMA = YES;
				CLANG_WARN_CONSTANT_CONVERSION = YES;
				CLANG_WARN_DEPRECATED_OBJC_IMPLEMENTATIONS = YES;
				CLANG_WARN_DIRECT_OBJC_ISA_USAGE = YES_ERROR;
				CLANG_WARN_DOCUMENTATION_COMMENTS = YES;
				CLANG_WARN_EMPTY_BODY = YES;
				CLANG_WARN_ENUM_CONVERSION = YES;
				CLANG_WARN_INFINITE_RECURSION = YES;
				CLANG_WARN_INT_CONVERSION = YES;
				CLANG_WARN_NON_LITERAL_NULL_CONVERSION = YES;
				CLANG_WARN_OBJC_IMPLICIT_RETAIN_SELF = YES;
				CLANG_WARN_OBJC_LITERAL_CONVERSION = YES;
				CLANG_WARN_OBJC_ROOT_CLASS = YES_ERROR;
				CLANG_WARN_QUOTED_INCLUDE_IN_FRAMEWORK_HEADER = YES;
				CLANG_WARN_RANGE_LOOP_ANALYSIS = YES;
				CLANG_WARN_STRICT_PROTOTYPES = YES;
				CLANG_WARN_SUSPICIOUS_MOVE = YES;
				CLANG_WARN_UNGUARDED_AVAILABILITY = YES_AGGRESSIVE;
				CLANG_WARN_UNREACHABLE_CODE = YES;
				CLANG_WARN__DUPLICATE_METHOD_MATCH = YES;
				COPY_PHASE_STRIP = NO;
				DEBUG_INFORMATION_FORMAT = "dwarf-with-dsym";
				ENABLE_NS_ASSERTIONS = NO;
				ENABLE_STRICT_OBJC_MSGSEND = YES;
				ENABLE_USER_SCRIPT_SANDBOXING = YES;
				GCC_C_LANGUAGE_STANDARD = gnu17;
				GCC_NO_COMMON_BLOCKS = YES;
				GCC_WARN_64_TO_32_BIT_CONVERSION = YES;
				GCC_WARN_ABOUT_RETURN_TYPE = YES_ERROR;
				GCC_WARN_UNDECLARED_SELECTOR = YES;
				GCC_WARN_UNINITIALIZED_AUTOS = YES_AGGRESSIVE;
				GCC_WARN_UNUSED_FUNCTION = YES;
				GCC_WARN_UNUSED_VARIABLE = YES;
				IPHONEOS_DEPLOYMENT_TARGET = 17.0;
				LOCALIZATION_PREFERS_STRING_CATALOGS = YES;
				MTL_ENABLE_DEBUG_INFO = NO;
				MTL_FAST_MATH = YES;
				SDKROOT = iphoneos;
				SWIFT_COMPILATION_MODE = wholemodule;
				VALIDATE_PRODUCT = YES;
			};
			name = Release;
		};
		02EB750A2A9D8BF600F43BD0 /* Debug */ = {
			isa = XCBuildConfiguration;
			buildSettings = {
				ASSETCATALOG_COMPILER_APPICON_NAME = AppIcon;
				ASSETCATALOG_COMPILER_GLOBAL_ACCENT_COLOR_NAME = AccentColor;
				CODE_SIGN_STYLE = Automatic;
				CURRENT_PROJECT_VERSION = 1;
				GENERATE_INFOPLIST_FILE = YES;
				INFOPLIST_FILE = "Day 2 - Project 1/Info.plist";
				INFOPLIST_KEY_UIApplicationSupportsIndirectInputEvents = YES;
				INFOPLIST_KEY_UILaunchStoryboardName = LaunchScreen;
				INFOPLIST_KEY_UIMainStoryboardFile = Main;
				INFOPLIST_KEY_UISupportedInterfaceOrientations_iPad = "UIInterfaceOrientationPortrait UIInterfaceOrientationPortraitUpsideDown UIInterfaceOrientationLandscapeLeft UIInterfaceOrientationLandscapeRight";
				INFOPLIST_KEY_UISupportedInterfaceOrientations_iPhone = "UIInterfaceOrientationPortrait UIInterfaceOrientationLandscapeLeft UIInterfaceOrientationLandscapeRight";
				LD_RUNPATH_SEARCH_PATHS = (
					"$(inherited)",
					"@executable_path/Frameworks",
				);
				MARKETING_VERSION = 1.0;
				PRODUCT_BUNDLE_IDENTIFIER = "com.techconsulting.Day-2---Project-1";
				PRODUCT_NAME = "$(TARGET_NAME)";
				SWIFT_EMIT_LOC_STRINGS = YES;
				SWIFT_VERSION = 5.0;
				TARGETED_DEVICE_FAMILY = "1,2";
			};
			name = Debug;
		};
		02EB750B2A9D8BF600F43BD0 /* Release */ = {
			isa = XCBuildConfiguration;
			buildSettings = {
				ASSETCATALOG_COMPILER_APPICON_NAME = AppIcon;
				ASSETCATALOG_COMPILER_GLOBAL_ACCENT_COLOR_NAME = AccentColor;
				CODE_SIGN_STYLE = Automatic;
				CURRENT_PROJECT_VERSION = 1;
				GENERATE_INFOPLIST_FILE = YES;
				INFOPLIST_FILE = "Day 2 - Project 1/Info.plist";
				INFOPLIST_KEY_UIApplicationSupportsIndirectInputEvents = YES;
				INFOPLIST_KEY_UILaunchStoryboardName = LaunchScreen;
				INFOPLIST_KEY_UIMainStoryboardFile = Main;
				INFOPLIST_KEY_UISupportedInterfaceOrientations_iPad = "UIInterfaceOrientationPortrait UIInterfaceOrientationPortraitUpsideDown UIInterfaceOrientationLandscapeLeft UIInterfaceOrientationLandscapeRight";
				INFOPLIST_KEY_UISupportedInterfaceOrientations_iPhone = "UIInterfaceOrientationPortrait UIInterfaceOrientationLandscapeLeft UIInterfaceOrientationLandscapeRight";
				LD_RUNPATH_SEARCH_PATHS = (
					"$(inherited)",
					"@executable_path/Frameworks",
				);
				MARKETING_VERSION = 1.0;
				PRODUCT_BUNDLE_IDENTIFIER = "com.techconsulting.Day-2---Project-1";
				PRODUCT_NAME = "$(TARGET_NAME)";
				SWIFT_EMIT_LOC_STRINGS = YES;
				SWIFT_VERSION = 5.0;
				TARGETED_DEVICE_FAMILY = "1,2";
			};
			name = Release;
		};
		02EB750D2A9D8BF600F43BD0 /* Debug */ = {
			isa = XCBuildConfiguration;
			buildSettings = {
				ALWAYS_EMBED_SWIFT_STANDARD_LIBRARIES = YES;
				BUNDLE_LOADER = "$(TEST_HOST)";
				CODE_SIGN_STYLE = Automatic;
				CURRENT_PROJECT_VERSION = 1;
				GENERATE_INFOPLIST_FILE = YES;
				IPHONEOS_DEPLOYMENT_TARGET = 17.0;
				MARKETING_VERSION = 1.0;
				PRODUCT_BUNDLE_IDENTIFIER = "com.techconsulting.Day-2---Project-1Tests";
				PRODUCT_NAME = "$(TARGET_NAME)";
				SWIFT_EMIT_LOC_STRINGS = NO;
				SWIFT_VERSION = 5.0;
				TARGETED_DEVICE_FAMILY = "1,2";
				TEST_HOST = "$(BUILT_PRODUCTS_DIR)/Day 2 - Project 1.app/$(BUNDLE_EXECUTABLE_FOLDER_PATH)/Day 2 - Project 1";
			};
			name = Debug;
		};
		02EB750E2A9D8BF600F43BD0 /* Release */ = {
			isa = XCBuildConfiguration;
			buildSettings = {
				ALWAYS_EMBED_SWIFT_STANDARD_LIBRARIES = YES;
				BUNDLE_LOADER = "$(TEST_HOST)";
				CODE_SIGN_STYLE = Automatic;
				CURRENT_PROJECT_VERSION = 1;
				GENERATE_INFOPLIST_FILE = YES;
				IPHONEOS_DEPLOYMENT_TARGET = 17.0;
				MARKETING_VERSION = 1.0;
				PRODUCT_BUNDLE_IDENTIFIER = "com.techconsulting.Day-2---Project-1Tests";
				PRODUCT_NAME = "$(TARGET_NAME)";
				SWIFT_EMIT_LOC_STRINGS = NO;
				SWIFT_VERSION = 5.0;
				TARGETED_DEVICE_FAMILY = "1,2";
				TEST_HOST = "$(BUILT_PRODUCTS_DIR)/Day 2 - Project 1.app/$(BUNDLE_EXECUTABLE_FOLDER_PATH)/Day 2 - Project 1";
			};
			name = Release;
		};
		02EB75102A9D8BF600F43BD0 /* Debug */ = {
			isa = XCBuildConfiguration;
			buildSettings = {
				ALWAYS_EMBED_SWIFT_STANDARD_LIBRARIES = YES;
				CODE_SIGN_STYLE = Automatic;
				CURRENT_PROJECT_VERSION = 1;
				GENERATE_INFOPLIST_FILE = YES;
				MARKETING_VERSION = 1.0;
				PRODUCT_BUNDLE_IDENTIFIER = "com.techconsulting.Day-2---Project-1UITests";
				PRODUCT_NAME = "$(TARGET_NAME)";
				SWIFT_EMIT_LOC_STRINGS = NO;
				SWIFT_VERSION = 5.0;
				TARGETED_DEVICE_FAMILY = "1,2";
				TEST_TARGET_NAME = "Day 2 - Project 1";
			};
			name = Debug;
		};
		02EB75112A9D8BF600F43BD0 /* Release */ = {
			isa = XCBuildConfiguration;
			buildSettings = {
				ALWAYS_EMBED_SWIFT_STANDARD_LIBRARIES = YES;
				CODE_SIGN_STYLE = Automatic;
				CURRENT_PROJECT_VERSION = 1;
				GENERATE_INFOPLIST_FILE = YES;
				MARKETING_VERSION = 1.0;
				PRODUCT_BUNDLE_IDENTIFIER = "com.techconsulting.Day-2---Project-1UITests";
				PRODUCT_NAME = "$(TARGET_NAME)";
				SWIFT_EMIT_LOC_STRINGS = NO;
				SWIFT_VERSION = 5.0;
				TARGETED_DEVICE_FAMILY = "1,2";
				TEST_TARGET_NAME = "Day 2 - Project 1";
			};
			name = Release;
		};
/* End XCBuildConfiguration section */

/* Begin XCConfigurationList section */
		02EB74DA2A9D8BF400F43BD0 /* Build configuration list for PBXProject "Day 2 - Project 1" */ = {
			isa = XCConfigurationList;
			buildConfigurations = (
				02EB75072A9D8BF600F43BD0 /* Debug */,
				02EB75082A9D8BF600F43BD0 /* Release */,
			);
			defaultConfigurationIsVisible = 0;
			defaultConfigurationName = Release;
		};
		02EB75092A9D8BF600F43BD0 /* Build configuration list for PBXNativeTarget "Day 2 - Project 1" */ = {
			isa = XCConfigurationList;
			buildConfigurations = (
				02EB750A2A9D8BF600F43BD0 /* Debug */,
				02EB750B2A9D8BF600F43BD0 /* Release */,
			);
			defaultConfigurationIsVisible = 0;
			defaultConfigurationName = Release;
		};
		02EB750C2A9D8BF600F43BD0 /* Build configuration list for PBXNativeTarget "Day 2 - Project 1Tests" */ = {
			isa = XCConfigurationList;
			buildConfigurations = (
				02EB750D2A9D8BF600F43BD0 /* Debug */,
				02EB750E2A9D8BF600F43BD0 /* Release */,
			);
			defaultConfigurationIsVisible = 0;
			defaultConfigurationName = Release;
		};
		02EB750F2A9D8BF600F43BD0 /* Build configuration list for PBXNativeTarget "Day 2 - Project 1UITests" */ = {
			isa = XCConfigurationList;
			buildConfigurations = (
				02EB75102A9D8BF600F43BD0 /* Debug */,
				02EB75112A9D8BF600F43BD0 /* Release */,
			);
			defaultConfigurationIsVisible = 0;
			defaultConfigurationName = Release;
		};
/* End XCConfigurationList section */
	};
	rootObject = 02EB74D72A9D8BF400F43BD0 /* Project object */;
}
